<?xml version="1.0" encoding="utf-8"?>
<Project ToolsVersion="4.0" xmlns="http://schemas.microsoft.com/developer/msbuild/2003">
  <ItemGroup>
    <Filter Include="Source Files">
      <UniqueIdentifier>{4FC737F1-C7A5-4376-A066-2A32D752A2FF}</UniqueIdentifier>
      <Extensions>cpp;c;cc;cxx;def;odl;idl;hpj;bat;asm;asmx</Extensions>
    </Filter>
    <Filter Include="Resource Files">
      <UniqueIdentifier>{67DA6AB6-F800-4c08-8B7A-83BB121AAD01}</UniqueIdentifier>
      <Extensions>rc;ico;cur;bmp;dlg;rc2;rct;bin;rgs;gif;jpg;jpeg;jpe;resx;tiff;tif;png;wav;mfcribbon-ms</Extensions>
    </Filter>
    <Filter Include="Source Files\LightWhat Renderer">
      <UniqueIdentifier>{90d2e4ae-1c62-4cf7-9219-ec7cdadc97f1}</UniqueIdentifier>
    </Filter>
    <Filter Include="Source Files\LightWhat Renderer\Geometry">
      <UniqueIdentifier>{61cc891c-9bda-421d-80eb-0c96f3e82276}</UniqueIdentifier>
    </Filter>
    <Filter Include="Source Files\LightWhat Renderer\Geometry\shapes">
      <UniqueIdentifier>{ba4388e8-ceab-4970-b49c-a2c081745329}</UniqueIdentifier>
    </Filter>
    <Filter Include="Source Files\LightWhat Renderer\Geometry\Acceleration">
      <UniqueIdentifier>{569912ba-fc5a-49fc-8ad0-d3784dade02d}</UniqueIdentifier>
    </Filter>
    <Filter Include="Source Files\LightWhat Renderer\Geometry\lights">
      <UniqueIdentifier>{ffaca84d-d68b-4d86-ab00-e22435062fcf}</UniqueIdentifier>
    </Filter>
    <Filter Include="Source Files\LightWhat Renderer\Shading">
      <UniqueIdentifier>{a7dcd104-3268-4504-9b25-c2a0220aaafc}</UniqueIdentifier>
    </Filter>
    <Filter Include="Source Files\LightWhat Renderer\Shading\shaders">
      <UniqueIdentifier>{25e9b251-b9d3-4bab-8f3d-3e964dbf7a01}</UniqueIdentifier>
    </Filter>
    <Filter Include="Source Files\LightWhat Renderer\Utility">
      <UniqueIdentifier>{07458230-3c55-41f6-86da-8a31421ded72}</UniqueIdentifier>
    </Filter>
    <Filter Include="Source Files\LightWhat Renderer\Kernel">
      <UniqueIdentifier>{2e98bf76-0a5f-4c22-890e-165cb771ec2b}</UniqueIdentifier>
    </Filter>
    <Filter Include="Source Files\LightWhat Base">
      <UniqueIdentifier>{1480c47a-a0b3-4829-8412-b88672f4e2fc}</UniqueIdentifier>
    </Filter>
    <Filter Include="Source Files\UI Engine">
      <UniqueIdentifier>{017e90cb-045c-4668-9562-9c655e126932}</UniqueIdentifier>
    </Filter>
    <Filter Include="Source Files\UI Engine\Components">
      <UniqueIdentifier>{9c1ebf81-c79a-4226-b7a6-90384e0946fd}</UniqueIdentifier>
    </Filter>
    <Filter Include="Source Files\UI Engine\ProgramControl">
      <UniqueIdentifier>{b41a921e-9af3-40a6-8e83-3d4b54df2ce3}</UniqueIdentifier>
    </Filter>
    <Filter Include="Source Files\LightWhat Renderer\FileManagment">
      <UniqueIdentifier>{e238d5e0-a3ae-4f95-ad80-1d2d4519df82}</UniqueIdentifier>
    </Filter>
    <Filter Include="Source Files\LightWhat Base\UI">
      <UniqueIdentifier>{0850c252-1138-4ece-9fe9-5a5a82b4071a}</UniqueIdentifier>
    </Filter>
    <Filter Include="Source Files\LightWhat Base\FileManagment">
      <UniqueIdentifier>{d23a72fd-f476-4160-b7bf-7f7fdc8c56ce}</UniqueIdentifier>
    </Filter>
    <Filter Include="Source Files\LightWhat Base\FileManagment\Import">
      <UniqueIdentifier>{667cc4b4-6e69-4b65-b8e7-bba3099dd868}</UniqueIdentifier>
    </Filter>
    <Filter Include="Source Files\LightWhat Base\FileManagment\Export">
      <UniqueIdentifier>{9881ab5d-da04-49f1-bfc5-8d2fc499823d}</UniqueIdentifier>
    </Filter>
    <Filter Include="Source Files\UI Engine\EngineManagers">
      <UniqueIdentifier>{39219ff8-acb5-4f8f-b262-d1d919dd0dfb}</UniqueIdentifier>
    </Filter>
  </ItemGroup>
  <ItemGroup>
    <ClCompile Include="main.cpp" />
    <ClCompile Include="LightWhatRenderer\Geometry\Acceleration\AABB.cpp">
      <Filter>Source Files\LightWhat Renderer\Geometry\Acceleration</Filter>
    </ClCompile>
    <ClCompile Include="LightWhatRenderer\Geometry\Lights\AreaLight.cpp">
      <Filter>Source Files\LightWhat Renderer\Geometry\lights</Filter>
    </ClCompile>
    <ClCompile Include="LightWhatRenderer\Shading\Shaders\Background.cpp">
      <Filter>Source Files\LightWhat Renderer\Shading\shaders</Filter>
    </ClCompile>
    <ClCompile Include="UI Engine\Components\Bitmap.cpp">
      <Filter>Source Files\UI Engine\Components</Filter>
    </ClCompile>
    <ClCompile Include="LightWhatRenderer\Geometry\Acceleration\BVH.cpp">
      <Filter>Source Files\LightWhat Renderer\Geometry\Acceleration</Filter>
    </ClCompile>
    <ClCompile Include="LightWhatRenderer\Utility\common.cpp">
      <Filter>Source Files\LightWhat Renderer\Utility</Filter>
    </ClCompile>
    <ClCompile Include="LightWhatRenderer\Utility\commonR.cpp">
      <Filter>Source Files\LightWhat Renderer\Utility</Filter>
    </ClCompile>
    <ClCompile Include="LightWhatRenderer\Shading\Shaders\DiffuseBRDF.cpp">
      <Filter>Source Files\LightWhat Renderer\Shading\shaders</Filter>
    </ClCompile>
    <ClCompile Include="LightWhatRenderer\Shading\Shaders\EmissionBRDF.cpp">
      <Filter>Source Files\LightWhat Renderer\Shading\shaders</Filter>
    </ClCompile>
    <ClCompile Include="UI Engine\EngineManagers\EventManager.cpp">
      <Filter>Source Files\UI Engine\EngineManagers</Filter>
    </ClCompile>
    <ClCompile Include="UI Engine\Components\Font.cpp">
      <Filter>Source Files\UI Engine\Components</Filter>
    </ClCompile>
    <ClCompile Include="LightWhatRenderer\Shading\Shaders\GlassBRDF.cpp">
      <Filter>Source Files\LightWhat Renderer\Shading\shaders</Filter>
    </ClCompile>
    <ClCompile Include="LightWhatRenderer\Shading\Shaders\GlossyBRDF.cpp">
      <Filter>Source Files\LightWhat Renderer\Shading\shaders</Filter>
    </ClCompile>
    <ClCompile Include="LightWhatBase\FileManagment\Export\ImageExporter.cpp">
      <Filter>Source Files\LightWhat Base\FileManagment\Export</Filter>
    </ClCompile>
    <ClCompile Include="LightWhatRenderer\Geometry\light.cpp">
      <Filter>Source Files\LightWhat Renderer\Geometry</Filter>
    </ClCompile>
    <ClCompile Include="LightWhatBase\LightWhat.cpp">
      <Filter>Source Files\LightWhat Base</Filter>
    </ClCompile>
    <ClCompile Include="LightWhatBase\UI\LWEventQueue.cpp">
      <Filter>Source Files\LightWhat Base\UI</Filter>
    </ClCompile>
    <ClCompile Include="LightWhatRenderer\Kernel\LWRenderer.cpp">
      <Filter>Source Files\LightWhat Renderer\Kernel</Filter>
    </ClCompile>
    <ClCompile Include="LightWhatRenderer\Kernel\LWScene.cpp">
      <Filter>Source Files\LightWhat Renderer\Kernel</Filter>
    </ClCompile>
    <ClCompile Include="LightWhatRenderer\Kernel\LWSettings.cpp">
      <Filter>Source Files\LightWhat Renderer\Kernel</Filter>
    </ClCompile>
    <ClCompile Include="LightWhatRenderer\Kernel\LWState.cpp">
      <Filter>Source Files\LightWhat Renderer\Kernel</Filter>
    </ClCompile>
    <ClCompile Include="LightWhatBase\UI\LWui.cpp">
      <Filter>Source Files\LightWhat Base\UI</Filter>
    </ClCompile>
    <ClCompile Include="LightWhatRenderer\Geometry\Shapes\Mesh.cpp">
      <Filter>Source Files\LightWhat Renderer\Geometry\shapes</Filter>
    </ClCompile>
    <ClCompile Include="LightWhatRenderer\Shading\Shaders\Mix.cpp">
      <Filter>Source Files\LightWhat Renderer\Shading\shaders</Filter>
    </ClCompile>
    <ClCompile Include="UI Engine\Components\Panel.cpp">
      <Filter>Source Files\UI Engine\Components</Filter>
    </ClCompile>
    <ClCompile Include="LightWhatRenderer\Geometry\Shapes\Plane.cpp">
      <Filter>Source Files\LightWhat Renderer\Geometry\shapes</Filter>
    </ClCompile>
    <ClCompile Include="LightWhatRenderer\Geometry\Lights\PointLight.cpp">
      <Filter>Source Files\LightWhat Renderer\Geometry\lights</Filter>
    </ClCompile>
    <ClCompile Include="LightWhatRenderer\Kernel\PostProcessor.cpp">
      <Filter>Source Files\LightWhat Renderer\Kernel</Filter>
    </ClCompile>
    <ClCompile Include="UI Engine\Components\Rectangle.cpp">
      <Filter>Source Files\UI Engine\Components</Filter>
    </ClCompile>
    <ClCompile Include="LightWhatBase\FileManagment\Import\SceneDescriptionLoader.cpp">
      <Filter>Source Files\LightWhat Base\FileManagment\Import</Filter>
    </ClCompile>
    <ClCompile Include="LightWhatRenderer\FileManagment\SceneImporter.cpp">
      <Filter>Source Files\LightWhat Renderer\FileManagment</Filter>
    </ClCompile>
    <ClCompile Include="LightWhatRenderer\Shading\shader.cpp">
      <Filter>Source Files\LightWhat Renderer\Shading</Filter>
    </ClCompile>
    <ClCompile Include="LightWhatRenderer\Geometry\shape.cpp">
      <Filter>Source Files\LightWhat Renderer\Geometry</Filter>
    </ClCompile>
    <ClCompile Include="LightWhatRenderer\Geometry\Shapes\Sphere.cpp">
      <Filter>Source Files\LightWhat Renderer\Geometry\shapes</Filter>
    </ClCompile>
    <ClCompile Include="LightWhatRenderer\Utility\Texture.cpp">
      <Filter>Source Files\LightWhat Renderer\Utility</Filter>
    </ClCompile>
    <ClCompile Include="LightWhatRenderer\FileManagment\TextureLoader.cpp">
      <Filter>Source Files\LightWhat Renderer\FileManagment</Filter>
    </ClCompile>
    <ClCompile Include="LightWhatRenderer\Kernel\TraceUnit.cpp">
      <Filter>Source Files\LightWhat Renderer\Kernel</Filter>
    </ClCompile>
    <ClCompile Include="UI Engine\Components\Window.cpp">
      <Filter>Source Files\UI Engine\Components</Filter>
    </ClCompile>
    <ClCompile Include="UI Engine\EngineManagers\WindowManager.cpp">
      <Filter>Source Files\UI Engine\EngineManagers</Filter>
    </ClCompile>
    <ClCompile Include="LightWhatBase\FileManagment\Import\XMLParser.cpp">
      <Filter>Source Files\LightWhat Base\FileManagment\Import</Filter>
    </ClCompile>
    <ClCompile Include="LightWhatBase\FileManagment\Import\XMLdom.cpp">
      <Filter>Source Files\LightWhat Base\FileManagment\Import</Filter>
    </ClCompile>
    <ClCompile Include="UI Engine\ProgramControl\AbstractProgram.cpp">
      <Filter>Source Files\UI Engine\ProgramControl</Filter>
    </ClCompile>
    <ClCompile Include="UI Engine\ProgramControl\ProgramController.cpp">
      <Filter>Source Files\UI Engine\ProgramControl</Filter>
    </ClCompile>
    <ClCompile Include="UI Engine\GuiEngine.cpp">
      <Filter>Source Files\UI Engine</Filter>
    </ClCompile>
  </ItemGroup>
  <ItemGroup>
    <ClInclude Include="resource.h" />
    <ClInclude Include="LightWhatRenderer\Geometry\Acceleration\AABB.hpp">
      <Filter>Source Files\LightWhat Renderer\Geometry\Acceleration</Filter>
    </ClInclude>
    <ClInclude Include="LightWhatRenderer\Geometry\Lights\AreaLight.hpp">
      <Filter>Source Files\LightWhat Renderer\Geometry\lights</Filter>
    </ClInclude>
    <ClInclude Include="LightWhatRenderer\Shading\Shaders\Background.hpp">
      <Filter>Source Files\LightWhat Renderer\Shading\shaders</Filter>
    </ClInclude>
    <ClInclude Include="UI Engine\Components\Bitmap.hpp">
      <Filter>Source Files\UI Engine\Components</Filter>
    </ClInclude>
    <ClInclude Include="LightWhatRenderer\Geometry\Acceleration\BVH.hpp">
      <Filter>Source Files\LightWhat Renderer\Geometry\Acceleration</Filter>
    </ClInclude>
    <ClInclude Include="LightWhatRenderer\Utility\common.hpp">
      <Filter>Source Files\LightWhat Renderer\Utility</Filter>
    </ClInclude>
    <ClInclude Include="LightWhatRenderer\Utility\commonR.hpp">
      <Filter>Source Files\LightWhat Renderer\Utility</Filter>
    </ClInclude>
    <ClInclude Include="LightWhatRenderer\Shading\Shaders\EmissionBRDF.hpp">
      <Filter>Source Files\LightWhat Renderer\Shading\shaders</Filter>
    </ClInclude>
    <ClInclude Include="LightWhatRenderer\Shading\Shaders\DiffuseBRDF.hpp">
      <Filter>Source Files\LightWhat Renderer\Shading\shaders</Filter>
    </ClInclude>
    <ClInclude Include="UI Engine\EngineManagers\EventManager.hpp">
      <Filter>Source Files\UI Engine\EngineManagers</Filter>
    </ClInclude>
    <ClInclude Include="UI Engine\Components\Font.hpp">
      <Filter>Source Files\UI Engine\Components</Filter>
    </ClInclude>
    <ClInclude Include="LightWhatRenderer\Shading\Shaders\GlossyBRDF.hpp">
      <Filter>Source Files\LightWhat Renderer\Shading\shaders</Filter>
    </ClInclude>
    <ClInclude Include="LightWhatRenderer\Shading\Shaders\GlassBRDF.hpp">
      <Filter>Source Files\LightWhat Renderer\Shading\shaders</Filter>
    </ClInclude>
    <ClInclude Include="LightWhatBase\FileManagment\Export\ImageExporter.hpp">
      <Filter>Source Files\LightWhat Base\FileManagment\Export</Filter>
    </ClInclude>
    <ClInclude Include="LightWhatRenderer\Geometry\light.hpp">
      <Filter>Source Files\LightWhat Renderer\Geometry</Filter>
    </ClInclude>
    <ClInclude Include="LightWhatBase\LightWhat.hpp">
      <Filter>Source Files\LightWhat Base</Filter>
    </ClInclude>
    <ClInclude Include="LightWhatBase\UI\LWEventQueue.hpp">
      <Filter>Source Files\LightWhat Base\UI</Filter>
    </ClInclude>
    <ClInclude Include="LightWhatRenderer\Kernel\LWRenderer.hpp">
      <Filter>Source Files\LightWhat Renderer\Kernel</Filter>
    </ClInclude>
    <ClInclude Include="LightWhatRenderer\Kernel\LWScene.hpp">
      <Filter>Source Files\LightWhat Renderer\Kernel</Filter>
    </ClInclude>
    <ClInclude Include="LightWhatRenderer\Kernel\LWSettings.hpp">
      <Filter>Source Files\LightWhat Renderer\Kernel</Filter>
    </ClInclude>
    <ClInclude Include="LightWhatRenderer\Kernel\LWState.hpp">
      <Filter>Source Files\LightWhat Renderer\Kernel</Filter>
    </ClInclude>
    <ClInclude Include="LightWhatBase\UI\LWui.hpp">
      <Filter>Source Files\LightWhat Base\UI</Filter>
    </ClInclude>
    <ClInclude Include="LightWhatRenderer\Geometry\Shapes\Mesh.hpp">
      <Filter>Source Files\LightWhat Renderer\Geometry\shapes</Filter>
    </ClInclude>
    <ClInclude Include="LightWhatRenderer\Shading\Shaders\Mix.hpp">
      <Filter>Source Files\LightWhat Renderer\Shading\shaders</Filter>
    </ClInclude>
    <ClInclude Include="LightWhatRenderer\Utility\MonteCarlo.hpp">
      <Filter>Source Files\LightWhat Renderer\Utility</Filter>
    </ClInclude>
    <ClInclude Include="UI Engine\Components\Panel.hpp">
      <Filter>Source Files\UI Engine\Components</Filter>
    </ClInclude>
    <ClInclude Include="LightWhatRenderer\Geometry\Shapes\Plane.hpp">
      <Filter>Source Files\LightWhat Renderer\Geometry\shapes</Filter>
    </ClInclude>
    <ClInclude Include="LightWhatRenderer\Geometry\Lights\PointLight.hpp">
      <Filter>Source Files\LightWhat Renderer\Geometry\lights</Filter>
    </ClInclude>
    <ClInclude Include="LightWhatRenderer\Kernel\PostProcessor.hpp">
      <Filter>Source Files\LightWhat Renderer\Kernel</Filter>
    </ClInclude>
    <ClInclude Include="UI Engine\Components\Rectangle.hpp">
      <Filter>Source Files\UI Engine\Components</Filter>
    </ClInclude>
    <ClInclude Include="LightWhatBase\FileManagment\Import\SceneDescriptionLoader.hpp">
      <Filter>Source Files\LightWhat Base\FileManagment\Import</Filter>
    </ClInclude>
    <ClInclude Include="LightWhatRenderer\FileManagment\SceneImporter.hpp">
      <Filter>Source Files\LightWhat Renderer\FileManagment</Filter>
    </ClInclude>
    <ClInclude Include="LightWhatRenderer\Shading\shader.hpp">
      <Filter>Source Files\LightWhat Renderer\Shading</Filter>
    </ClInclude>
    <ClInclude Include="LightWhatRenderer\Geometry\shape.hpp">
      <Filter>Source Files\LightWhat Renderer\Geometry</Filter>
    </ClInclude>
    <ClInclude Include="LightWhatRenderer\Geometry\Shapes\Sphere.hpp">
      <Filter>Source Files\LightWhat Renderer\Geometry\shapes</Filter>
    </ClInclude>
    <ClInclude Include="LightWhatRenderer\Utility\Texture.hpp">
      <Filter>Source Files\LightWhat Renderer\Utility</Filter>
    </ClInclude>
    <ClInclude Include="LightWhatRenderer\FileManagment\TextureLoader.hpp">
      <Filter>Source Files\LightWhat Renderer\FileManagment</Filter>
    </ClInclude>
    <ClInclude Include="LightWhatRenderer\Kernel\TraceUnit.hpp">
      <Filter>Source Files\LightWhat Renderer\Kernel</Filter>
    </ClInclude>
    <ClInclude Include="UI Engine\Components\Window.hpp">
      <Filter>Source Files\UI Engine\Components</Filter>
    </ClInclude>
    <ClInclude Include="UI Engine\EngineManagers\WindowManager.hpp">
      <Filter>Source Files\UI Engine\EngineManagers</Filter>
    </ClInclude>
    <ClInclude Include="LightWhatBase\FileManagment\Import\XMLParser.hpp">
      <Filter>Source Files\LightWhat Base\FileManagment\Import</Filter>
    </ClInclude>
    <ClInclude Include="LightWhatBase\FileManagment\Import\XMLdom.hpp">
      <Filter>Source Files\LightWhat Base\FileManagment\Import</Filter>
    </ClInclude>
    <ClInclude Include="UI Engine\ProgramControl\AbstractProgram.hpp">
      <Filter>Source Files\UI Engine\ProgramControl</Filter>
    </ClInclude>
    <ClInclude Include="UI Engine\ProgramControl\ProgramController.hpp">
      <Filter>Source Files\UI Engine\ProgramControl</Filter>
    </ClInclude>
    <ClInclude Include="UI Engine\GuiEngine.hpp">
      <Filter>Source Files\UI Engine</Filter>
    </ClInclude>
  </ItemGroup>
  <ItemGroup>
    <ResourceCompile Include="LightWhat.rc">
      <Filter>Resource Files</Filter>
    </ResourceCompile>
  </ItemGroup>
  <ItemGroup>
    <Image Include="icon1.ico">
      <Filter>Resource Files</Filter>
    </Image>
    <Image Include="LightWhatIcon.ico">
      <Filter>Resource Files</Filter>
    </Image>
    <Image Include="icon2.ico">
      <Filter>Resource Files</Filter>
    </Image>
  </ItemGroup>
</Project>